Microsoft Visual Studio Solution File, Format Version 12.00
# Visual Studio 15
VisualStudioVersion = 15.0.26430.14
MinimumVisualStudioVersion = 10.0.40219.1
Project("{FAE04EC0-301F-11D3-BF4B-00C04F79EFBC}") = "SwaggerPetstore.Standard", "SwaggerPetstore.Standard/SwaggerPetstore.Standard.csproj", "{68ae0158-5bc6-4469-b5d6-26e3de195e1f}"
EndProject
Project("{FAE04EC0-301F-11D3-BF4B-00C04F79EFBC}") = "SwaggerPetstore.Tests", "SwaggerPetstore.Tests/SwaggerPetstore.Tests.csproj", "{5b72a93a-b3d6-4079-a537-3c6bfb14d772}"
EndProject
Global
    GlobalSection(SolutionConfigurationPlatforms) = preSolution
        Debug|Any CPU = Debug|Any CPU
        Release|Any CPU = Release|Any CPU
    EndGlobalSection
    GlobalSection(ProjectConfigurationPlatforms) = postSolution
        {68ae0158-5bc6-4469-b5d6-26e3de195e1f}.Debug|Any CPU.ActiveCfg = Debug|Any CPU
        {68ae0158-5bc6-4469-b5d6-26e3de195e1f}.Debug|Any CPU.Build.0 = Debug|Any CPU
        {68ae0158-5bc6-4469-b5d6-26e3de195e1f}.Release|Any CPU.ActiveCfg = Release|Any CPU
        {68ae0158-5bc6-4469-b5d6-26e3de195e1f}.Release|Any CPU.Build.0 = Release|Any CPU
        {5b72a93a-b3d6-4079-a537-3c6bfb14d772}.Debug|Any CPU.ActiveCfg = Debug|Any CPU
        {5b72a93a-b3d6-4079-a537-3c6bfb14d772}.Debug|Any CPU.Build.0 = Debug|Any CPU
        {5b72a93a-b3d6-4079-a537-3c6bfb14d772}.Release|Any CPU.ActiveCfg = Release|Any CPU
        {5b72a93a-b3d6-4079-a537-3c6bfb14d772}.Release|Any CPU.Build.0 = Release|Any CPU
    EndGlobalSection
    GlobalSection(SolutionProperties) = preSolution
        HideSolutionNode = FALSE
    EndGlobalSection
EndGlobal
