Microsoft Visual Studio Solution File, Format Version 12.00
# Visual Studio 15
VisualStudioVersion = 15.0.26430.14
MinimumVisualStudioVersion = 10.0.40219.1
Project("{FAE04EC0-301F-11D3-BF4B-00C04F79EFBC}") = "SwaggerPetstore.Standard", "SwaggerPetstore.Standard/SwaggerPetstore.Standard.csproj", "{44d58823-f08e-49b6-92c2-3f968595d5fb}"
EndProject
Project("{FAE04EC0-301F-11D3-BF4B-00C04F79EFBC}") = "SwaggerPetstore.Tests", "SwaggerPetstore.Tests/SwaggerPetstore.Tests.csproj", "{c42c3400-fe05-485a-80d8-00ea31e875b6}"
EndProject
Global
    GlobalSection(SolutionConfigurationPlatforms) = preSolution
        Debug|Any CPU = Debug|Any CPU
        Release|Any CPU = Release|Any CPU
    EndGlobalSection
    GlobalSection(ProjectConfigurationPlatforms) = postSolution
        {44d58823-f08e-49b6-92c2-3f968595d5fb}.Debug|Any CPU.ActiveCfg = Debug|Any CPU
        {44d58823-f08e-49b6-92c2-3f968595d5fb}.Debug|Any CPU.Build.0 = Debug|Any CPU
        {44d58823-f08e-49b6-92c2-3f968595d5fb}.Release|Any CPU.ActiveCfg = Release|Any CPU
        {44d58823-f08e-49b6-92c2-3f968595d5fb}.Release|Any CPU.Build.0 = Release|Any CPU
        {c42c3400-fe05-485a-80d8-00ea31e875b6}.Debug|Any CPU.ActiveCfg = Debug|Any CPU
        {c42c3400-fe05-485a-80d8-00ea31e875b6}.Debug|Any CPU.Build.0 = Debug|Any CPU
        {c42c3400-fe05-485a-80d8-00ea31e875b6}.Release|Any CPU.ActiveCfg = Release|Any CPU
        {c42c3400-fe05-485a-80d8-00ea31e875b6}.Release|Any CPU.Build.0 = Release|Any CPU
    EndGlobalSection
    GlobalSection(SolutionProperties) = preSolution
        HideSolutionNode = FALSE
    EndGlobalSection
EndGlobal
